
Microsoft Visual Studio Solution File, Format Version 12.00
# Visual Studio 15
VisualStudioVersion = 15.0.27428.2037
MinimumVisualStudioVersion = 10.0.40219.1
Project("{F184B08F-C81C-45F6-A57F-5ABD9991F28F}") = "PronosticosSAP", "PronosticosSAP\PronosticosSAP.vbproj", "{B4268EA7-370C-449E-8C7E-85F5F9CE0DAE}"
EndProject
Project("{E24C65DC-7377-472B-9ABA-BC803B73C61A}") = "HelpPronosticos", "HelpPronosticos\", "{4A42FE69-965C-4446-B13C-B56BAF9D52EC}"
	ProjectSection(WebsiteProperties) = preProject
		TargetFrameworkMoniker = ".NETFramework,Version%3Dv4.0"
		Debug.AspNetCompiler.VirtualPath = "/HelpPronosticos"
		Debug.AspNetCompiler.PhysicalPath = "HelpPronosticos\"
		Debug.AspNetCompiler.TargetPath = "PrecompiledWeb\HelpPronosticos\"
		Debug.AspNetCompiler.Updateable = "true"
		Debug.AspNetCompiler.ForceOverwrite = "true"
		Debug.AspNetCompiler.FixedNames = "false"
		Debug.AspNetCompiler.Debug = "True"
		Release.AspNetCompiler.VirtualPath = "/HelpPronosticos"
		Release.AspNetCompiler.PhysicalPath = "HelpPronosticos\"
		Release.AspNetCompiler.TargetPath = "PrecompiledWeb\HelpPronosticos\"
		Release.AspNetCompiler.Updateable = "true"
		Release.AspNetCompiler.ForceOverwrite = "true"
		Release.AspNetCompiler.FixedNames = "false"
		Release.AspNetCompiler.Debug = "False"
		VWDPort = "1312"
		SlnRelativePath = "HelpPronosticos\"
	EndProjectSection
EndProject
Global
	GlobalSection(SolutionConfigurationPlatforms) = preSolution
		Debug|Any CPU = Debug|Any CPU
		Debug|Mixed Platforms = Debug|Mixed Platforms
		Debug|x64 = Debug|x64
		Debug|x86 = Debug|x86
		Release|Any CPU = Release|Any CPU
		Release|Mixed Platforms = Release|Mixed Platforms
		Release|x64 = Release|x64
		Release|x86 = Release|x86
	EndGlobalSection
	GlobalSection(ProjectConfigurationPlatforms) = postSolution
		{B4268EA7-370C-449E-8C7E-85F5F9CE0DAE}.Debug|Any CPU.ActiveCfg = Debug|x86
		{B4268EA7-370C-449E-8C7E-85F5F9CE0DAE}.Debug|Mixed Platforms.ActiveCfg = Debug|x86
		{B4268EA7-370C-449E-8C7E-85F5F9CE0DAE}.Debug|Mixed Platforms.Build.0 = Debug|x86
		{B4268EA7-370C-449E-8C7E-85F5F9CE0DAE}.Debug|x64.ActiveCfg = Debug|Any CPU
		{B4268EA7-370C-449E-8C7E-85F5F9CE0DAE}.Debug|x64.Build.0 = Debug|Any CPU
		{B4268EA7-370C-449E-8C7E-85F5F9CE0DAE}.Debug|x86.ActiveCfg = Debug|x86
		{B4268EA7-370C-449E-8C7E-85F5F9CE0DAE}.Debug|x86.Build.0 = Debug|x86
		{B4268EA7-370C-449E-8C7E-85F5F9CE0DAE}.Release|Any CPU.ActiveCfg = Release|x86
		{B4268EA7-370C-449E-8C7E-85F5F9CE0DAE}.Release|Mixed Platforms.ActiveCfg = Release|x86
		{B4268EA7-370C-449E-8C7E-85F5F9CE0DAE}.Release|Mixed Platforms.Build.0 = Release|x86
		{B4268EA7-370C-449E-8C7E-85F5F9CE0DAE}.Release|x64.ActiveCfg = Release|x64
		{B4268EA7-370C-449E-8C7E-85F5F9CE0DAE}.Release|x64.Build.0 = Release|x64
		{B4268EA7-370C-449E-8C7E-85F5F9CE0DAE}.Release|x86.ActiveCfg = Release|x86
		{B4268EA7-370C-449E-8C7E-85F5F9CE0DAE}.Release|x86.Build.0 = Release|x86
		{4A42FE69-965C-4446-B13C-B56BAF9D52EC}.Debug|Any CPU.ActiveCfg = Debug|Any CPU
		{4A42FE69-965C-4446-B13C-B56BAF9D52EC}.Debug|Any CPU.Build.0 = Debug|Any CPU
		{4A42FE69-965C-4446-B13C-B56BAF9D52EC}.Debug|Mixed Platforms.ActiveCfg = Debug|Any CPU
		{4A42FE69-965C-4446-B13C-B56BAF9D52EC}.Debug|Mixed Platforms.Build.0 = Debug|Any CPU
		{4A42FE69-965C-4446-B13C-B56BAF9D52EC}.Debug|x64.ActiveCfg = Debug|Any CPU
		{4A42FE69-965C-4446-B13C-B56BAF9D52EC}.Debug|x64.Build.0 = Debug|Any CPU
		{4A42FE69-965C-4446-B13C-B56BAF9D52EC}.Debug|x86.ActiveCfg = Debug|Any CPU
		{4A42FE69-965C-4446-B13C-B56BAF9D52EC}.Release|Any CPU.ActiveCfg = Debug|Any CPU
		{4A42FE69-965C-4446-B13C-B56BAF9D52EC}.Release|Any CPU.Build.0 = Debug|Any CPU
		{4A42FE69-965C-4446-B13C-B56BAF9D52EC}.Release|Mixed Platforms.ActiveCfg = Debug|Any CPU
		{4A42FE69-965C-4446-B13C-B56BAF9D52EC}.Release|Mixed Platforms.Build.0 = Debug|Any CPU
		{4A42FE69-965C-4446-B13C-B56BAF9D52EC}.Release|x64.ActiveCfg = Debug|Any CPU
		{4A42FE69-965C-4446-B13C-B56BAF9D52EC}.Release|x64.Build.0 = Debug|Any CPU
		{4A42FE69-965C-4446-B13C-B56BAF9D52EC}.Release|x86.ActiveCfg = Debug|Any CPU
	EndGlobalSection
	GlobalSection(SolutionProperties) = preSolution
		HideSolutionNode = FALSE
	EndGlobalSection
	GlobalSection(ExtensibilityGlobals) = postSolution
		SolutionGuid = {E8984D9C-13FC-4046-8394-514E61370062}
	EndGlobalSection
EndGlobal
